
Microsoft Visual Studio Solution File, Format Version 12.00
# Visual Studio Version 17
VisualStudioVersion = 17.8.34330.188
MinimumVisualStudioVersion = 10.0.40219.1
Project("{FAE04EC0-301F-11D3-BF4B-00C04F79EFBC}") = "TicTacToeConsole", "TicTacToeConsole\TicTacToeConsole.csproj", "{EBCEB012-F4F2-438C-94B0-E7A09586187C}"
EndProject
Global
	GlobalSection(SolutionConfigurationPlatforms) = preSolution
		Debug|Any CPU = Debug|Any CPU
		Release|Any CPU = Release|Any CPU
	EndGlobalSection
	GlobalSection(ProjectConfigurationPlatforms) = postSolution
		{EBCEB012-F4F2-438C-94B0-E7A09586187C}.Debug|Any CPU.ActiveCfg = Debug|Any CPU
		{EBCEB012-F4F2-438C-94B0-E7A09586187C}.Debug|Any CPU.Build.0 = Debug|Any CPU
		{EBCEB012-F4F2-438C-94B0-E7A09586187C}.Release|Any CPU.ActiveCfg = Release|Any CPU
		{EBCEB012-F4F2-438C-94B0-E7A09586187C}.Release|Any CPU.Build.0 = Release|Any CPU
	EndGlobalSection
	GlobalSection(SolutionProperties) = preSolution
		HideSolutionNode = FALSE
	EndGlobalSection
	GlobalSection(ExtensibilityGlobals) = postSolution
		SolutionGuid = {5EC80979-CF92-4A02-B0FA-CCC925CB3246}
	EndGlobalSection
EndGlobal
